# This file is autogenerated, do not edit; changes may be undone by the next 'dep ensure'.


[[projects]]
  name = "github.com/BurntSushi/toml"
  packages = ["."]
  revision = "b26d9c308763d68093482582cea63d69be07a0f0"
  version = "v0.3.0"

[[projects]]
  name = "github.com/Sirupsen/logrus"
  packages = ["."]
  revision = "ba1b36c82c5e05c4f912a88eab0dcd91a171688f"

[[projects]]
  name = "github.com/certifi/gocertifi"
  packages = ["."]
  revision = "03be5e6bb9874570ea7fb0961225d193cbc374c5"
  version = "2017.01.23"

[[projects]]
  name = "github.com/disintegration/imaging"
  packages = ["."]
  revision = "ac27d1805a555e1754fa177216ee07f4e63c30b5"

[[projects]]
  name = "github.com/franela/goreq"
  packages = ["."]
  revision = "6d074b8384a4b5359484d95e88e7566020bc4335"

[[projects]]
  name = "github.com/fsnotify/fsnotify"
  packages = ["."]
  revision = "4da3e2cfbabc9f751898f250b49f2439785783a1"
  version = "v1.4.2"

[[projects]]
  name = "github.com/garyburd/redigo"
  packages = ["internal","redis"]
  revision = "cca3df8fa0670249a3f746bcc062c69aeba0517c"

[[projects]]
  name = "github.com/getsentry/raven-go"
  packages = ["."]
  revision = "b68337dbf03e7fbb53d9fd9b63fd09b28e8f13f7"

[[projects]]
  name = "github.com/gin-gonic/contrib"
  packages = ["cors","sentry"]
  revision = "ffa12cf90b52a4af3ae604f6452e61f8218a517c"

[[projects]]
  name = "github.com/gin-gonic/gin"
  packages = [".","binding","render"]
  revision = "e2212d40c62a98b388a5eb48ecbdcf88534688ba"

[[projects]]
  name = "github.com/golang/protobuf"
  packages = ["proto"]
  revision = "2402d76f3d41f928c7902a765dfc872356dd3aad"

[[projects]]
  name = "github.com/hashicorp/hcl"
  packages = [".","hcl/ast","hcl/parser","hcl/scanner","hcl/strconv","hcl/token","json/parser","json/scanner","json/token"]
  revision = "630949a3c5fa3c613328e1b8256052cbc2327c9b"

[[projects]]
  name = "github.com/imdario/mergo"
  packages = ["."]
  revision = "6ce7536fed6623eff47b95768f858a0f8d1ac57b"

[[projects]]
  branch = "master"
  name = "github.com/kr/fs"
  packages = ["."]
  revision = "2788f0dbd16903de03cb8186e5c7d97b69ad387b"

[[projects]]
  name = "github.com/magiconair/properties"
  packages = ["."]
  revision = "51463bfca2576e06c62a8504b5c0f06d61312647"

[[projects]]
  branch = "master"
  name = "github.com/manucorporat/sse"
  packages = ["."]
  revision = "ee05b128a739a0fb76c7ebd3ae4810c1de808d6d"

[[projects]]
  name = "github.com/mattn/go-isatty"
  packages = ["."]
  revision = "fc9e8d8ef48496124e79ae0df75490096eccf6fe"
  version = "v0.0.2"

[[projects]]
  name = "github.com/mholt/binding"
  packages = ["."]
  revision = "89411c4ffb61f0ebef45d8bdb830103b358ef9fa"

[[projects]]
  name = "github.com/mitchellh/goamz"
  packages = ["aws","s3"]
  revision = "e99a7300be9605de0c4b6366988e1df883fabfe3"

[[projects]]
  name = "github.com/mitchellh/mapstructure"
  packages = ["."]
  revision = "53818660ed4955e899c0bcafa97299a388bd7c8e"

[[projects]]
  name = "github.com/pkg/errors"
  packages = ["."]
  revision = "ff09b135c25aae272398c51a07235b90a75aa4f0"
  version = "v0.8.0"

[[projects]]
  name = "github.com/pkg/sftp"
  packages = ["."]
  revision = "6c86161fec09fa4d543f4ae7fc67dfab22abf457"
  version = "1.0.0"

[[projects]]
  branch = "master"
  name = "github.com/rubenfonseca/fastimage"
  packages = ["."]
  revision = "7e006a27a95babf4d41ca61e8c43df92ca3ff873"

[[projects]]
  name = "github.com/spf13/afero"
  packages = [".","mem","sftp"]
  revision = "cc9c21814bb945440253108c4d3c65c85aac3c68"

[[projects]]
  name = "github.com/spf13/cast"
  packages = ["."]
  revision = "ce135a4ebeee6cfe9a26c93ee0d37825f26113c7"
  version = "v1.1.0"

[[projects]]
  branch = "master"
  name = "github.com/spf13/jwalterweatherman"
  packages = ["."]
  revision = "fa7ca7e836cf3a8bb4ebf799f472c12d7e903d66"

[[projects]]
  name = "github.com/spf13/pflag"
  packages = ["."]
  revision = "9a906f17374922ed0f74e1b2f593d3723f2ffb00"
  version = "v1.0.0"

[[projects]]
  name = "github.com/spf13/viper"
  packages = ["."]
  revision = "346299ea79e446ebdddb834371ceba2e5926b732"

[[projects]]
  name = "github.com/stretchr/testify"
  packages = ["assert"]
  revision = "e4ec8152c15fc46bd5056ce65997a07c7d415325"

[[projects]]
  name = "github.com/thoas/gokvstores"
  packages = ["."]
  revision = "ae1105ba099c89f31af38c658ab6e64f1fc50e62"

[[projects]]
  name = "github.com/thoas/gostorages"
  packages = ["."]
  revision = "a193818eb9acc5104bf1d73319da30b3c21e9a04"

[[projects]]
  name = "github.com/thoas/stats"
  packages = ["."]
  revision = "152b5d051953fdb6e45f14b6826962aadc032324"

[[projects]]
  name = "github.com/urfave/cli"
  packages = ["."]
  revision = "ac249472b7de27a9e8990819566d9be95ab5b816"

[[projects]]
  branch = "master"
  name = "github.com/vaughan0/go-ini"
  packages = ["."]
  revision = "a98ad7ee00ec53921f08832bc06ecf7fd600e6a1"

[[projects]]
  name = "golang.org/x/crypto"
  packages = ["curve25519","ed25519","ed25519/internal/edwards25519","ssh"]
  revision = "55a552f0823e0d3d54931488a2993ebd2fd0258c"

[[projects]]
  branch = "master"
  name = "golang.org/x/image"
  packages = ["bmp","tiff","tiff/lzw"]
  revision = "84a65118940ed74c8e841be84d3e502c29eff703"

[[projects]]
  name = "golang.org/x/net"
  packages = ["context"]
  revision = "f315505cf3349909cdf013ea56690da34e96a451"

[[projects]]
  name = "golang.org/x/sys"
  packages = ["unix"]
  revision = "f3918c30c5c2cb527c0b071a27c35120a6c0719a"

[[projects]]
  name = "golang.org/x/text"
  packages = ["internal/gen","internal/triegen","internal/ucd","transform","unicode/cldr","unicode/norm"]
  revision = "f4b4367115ec2de254587813edaa901bc1c723a8"

[[projects]]
  name = "gopkg.in/go-playground/validator.v8"
  packages = ["."]
  revision = "c193cecd124b5cc722d7ee5538e945bdb3348435"
  version = "v8.15.1"

[[projects]]
  name = "gopkg.in/yaml.v2"
  packages = ["."]
  revision = "cd8b52f8269e0feb286dfeef29f8fe4d5b397e0b"

[solve-meta]
  analyzer-name = "dep"
  analyzer-version = 1
  inputs-digest = "93e71358343d308022ca157158ac540e12a4520aa97d006a8508e088f8304dac"
  solver-name = "gps-cdcl"
  solver-version = 1
