# This file is autogenerated, do not edit; changes may be undone by the next 'dep ensure'.


[[projects]]
  name = "github.com/BurntSushi/toml"
  packages = ["."]
  revision = "b26d9c308763d68093482582cea63d69be07a0f0"
  version = "v0.3.0"

[[projects]]
  name = "github.com/Sirupsen/logrus"
  packages = ["."]
  revision = "v1.0.4"

[[projects]]
  name = "github.com/certifi/gocertifi"
  packages = ["."]
  revision = "deb3ae2ef2610fde3330947281941c562861188b"
  version = "2018.01.18"

[[projects]]
  name = "github.com/cstockton/go-conv"
  packages = [
    ".",
    "internal/refconv",
    "internal/refutil"
  ]
  revision = "66a2b2ba36e101a342252b65b26176cf2f27d210"

[[projects]]
  name = "github.com/disintegration/imaging"
  packages = ["."]
  revision = "1884593a19ddc6f2ea050403430d02c1d0fc1283"

[[projects]]
  name = "github.com/djherbis/times"
  packages = ["."]
  revision = "95292e44976d1217cf3611dc7c8d9466877d3ed5"
  version = "v1.0.1"

[[projects]]
  name = "github.com/franela/goreq"
  packages = ["."]
  revision = "6d074b8384a4b5359484d95e88e7566020bc4335"

[[projects]]
  name = "github.com/fsnotify/fsnotify"
  packages = ["."]
  revision = "c2828203cd70a50dcccfb2761f8b1f8ceef9a8e9"
  version = "v1.4.7"

[[projects]]
  name = "github.com/getsentry/raven-go"
  packages = ["."]
  revision = "563b81fc02b75d664e54da31f787c2cc2186780b"

[[projects]]
  branch = "master"
  name = "github.com/gin-contrib/sse"
  packages = ["."]
  revision = "22d885f9ecc78bf4ee5d72b937e4bbcdc58e8cae"

[[projects]]
  name = "github.com/gin-gonic/contrib"
  packages = [
    "cors",
    "sentry"
  ]
  revision = "ffa12cf90b52a4af3ae604f6452e61f8218a517c"

[[projects]]
  name = "github.com/gin-gonic/gin"
  packages = [
    ".",
    "binding",
    "json",
    "render"
  ]
  revision = "5d3f30cfc81f9109850fa9043a19783cbbde68a5"

[[projects]]
  name = "github.com/golang/protobuf"
  packages = ["proto"]
  revision = "925541529c1fa6821df4e44ce2723319eb2be768"
  version = "v1.0.0"

[[projects]]
  branch = "master"
  name = "github.com/hashicorp/hcl"
  packages = [
    ".",
    "hcl/ast",
    "hcl/parser",
    "hcl/scanner",
    "hcl/strconv",
    "hcl/token",
    "json/parser",
    "json/scanner",
    "json/token"
  ]
  revision = "23c074d0eceb2b8a5bfdbb271ab780cde70f05a8"

[[projects]]
  name = "github.com/imdario/mergo"
  packages = ["."]
  revision = "6ce7536fed6623eff47b95768f858a0f8d1ac57b"

[[projects]]
  name = "github.com/json-iterator/go"
  packages = ["."]
  revision = "0ac74bba4a81211b28e32ef260c0f16ae41f1377"
  version = "1.1.1"

[[projects]]
  name = "github.com/magiconair/properties"
  packages = ["."]
  revision = "c3beff4c2358b44d0493c7dda585e7db7ff28ae6"
  version = "v1.7.6"

[[projects]]
  name = "github.com/mattn/go-isatty"
  packages = ["."]
  revision = "0360b2af4f38e8d38c7fce2a9f4e702702d73a39"
  version = "v0.0.3"

[[projects]]
  name = "github.com/mholt/binding"
  packages = ["."]
  revision = "f4f58459f5f7f67cb8fb4a72a905a4ca63fead83"

[[projects]]
  name = "github.com/mitchellh/goamz"
  packages = [
    "aws",
    "s3"
  ]
  revision = "e99a7300be9605de0c4b6366988e1df883fabfe3"

[[projects]]
  branch = "master"
  name = "github.com/mitchellh/mapstructure"
  packages = ["."]
  revision = "00c29f56e2386353d58c599509e8dc3801b0d716"

[[projects]]
  name = "github.com/patrickmn/go-cache"
  packages = ["."]
  revision = "a3647f8e31d79543b2d0f0ae2fe5c379d72cedc0"
  version = "v2.1.0"

[[projects]]
  name = "github.com/pkg/errors"
  packages = ["."]
  revision = "645ef00459ed84a119197bfb8d8205042c6df63d"
  version = "v0.8.0"

[[projects]]
  branch = "master"
  name = "github.com/rubenfonseca/fastimage"
  packages = ["."]
  revision = "7e006a27a95babf4d41ca61e8c43df92ca3ff873"

[[projects]]
  name = "github.com/spf13/afero"
  packages = [
    ".",
    "mem"
  ]
  revision = "bb8f1927f2a9d3ab41c9340aa034f6b803f4359c"
  version = "v1.0.2"

[[projects]]
  name = "github.com/spf13/cast"
  packages = ["."]
  revision = "8965335b8c7107321228e3e3702cab9832751bac"
  version = "v1.2.0"

[[projects]]
  branch = "master"
  name = "github.com/spf13/jwalterweatherman"
  packages = ["."]
  revision = "7c0cea34c8ece3fbeb2b27ab9b59511d360fb394"

[[projects]]
  name = "github.com/spf13/pflag"
  packages = ["."]
  revision = "e57e3eeb33f795204c1ca35f56c44f83227c6e66"
  version = "v1.0.0"

[[projects]]
  name = "github.com/spf13/viper"
  packages = ["."]
  revision = "346299ea79e446ebdddb834371ceba2e5926b732"

[[projects]]
  name = "github.com/stretchr/testify"
  packages = ["assert"]
  revision = "e4ec8152c15fc46bd5056ce65997a07c7d415325"

[[projects]]
  branch = "master"
  name = "github.com/thoas/gokvstores"
  packages = ["."]
  revision = "29c8500276dbe765dab52a065f8292c68ee7d8ce"

[[projects]]
  name = "github.com/thoas/stats"
  packages = ["."]
  revision = "152b5d051953fdb6e45f14b6826962aadc032324"

[[projects]]
  name = "github.com/ugorji/go"
  packages = ["codec"]
  revision = "9831f2c3ac1068a78f50999a30db84270f647af6"
  version = "v1.1"

[[projects]]
  name = "github.com/ulule/gokvstores"
  packages = ["."]
  revision = "06854a16f68d91c55ae6269a655bc7324169e607"

[[projects]]
  branch = "master"
  name = "github.com/ulule/gostorages"
  packages = ["."]
  revision = "e2229fc2f445b6a607e1fa0a1fe2d0f7cad8a97c"

[[projects]]
  name = "github.com/urfave/cli"
  packages = ["."]
  revision = "446f49e78f79a164079a99a88446182703331c75"

[[projects]]
  name = "github.com/v2pro/plz"
  packages = [
    "concurrent",
    "reflect2"
  ]
  revision = "10fc95fad3224a032229e59f6e7023137d82b526"
  version = "0.9.1"

[[projects]]
  branch = "master"
  name = "github.com/vaughan0/go-ini"
  packages = ["."]
  revision = "a98ad7ee00ec53921f08832bc06ecf7fd600e6a1"

[[projects]]
  branch = "master"
  name = "golang.org/x/crypto"
  packages = ["ssh/terminal"]
  revision = "49796115aa4b964c318aad4f3084fdb41e9aa067"

[[projects]]
  branch = "master"
  name = "golang.org/x/image"
  packages = [
    "bmp",
    "tiff",
    "tiff/lzw"
  ]
  revision = "12117c17ca67ffa1ce22e9409f3b0b0a93ac08c7"

[[projects]]
  branch = "master"
  name = "golang.org/x/sys"
  packages = [
    "unix",
    "windows"
  ]
  revision = "88d2dcc510266da9f7f8c7f34e1940716cab5f5c"

[[projects]]
  name = "golang.org/x/text"
  packages = [
    "internal/gen",
    "internal/triegen",
    "internal/ucd",
    "transform",
    "unicode/cldr",
    "unicode/norm"
  ]
  revision = "f21a4dfb5e38f5895301dc265a8def02365cc3d0"
  version = "v0.3.0"

[[projects]]
  name = "gopkg.in/go-playground/validator.v8"
  packages = ["."]
  revision = "5f1438d3fca68893a817e4a66806cea46a9e4ebf"
  version = "v8.18.2"

[[projects]]
  name = "gopkg.in/redis.v5"
  packages = [
    ".",
    "internal",
    "internal/consistenthash",
    "internal/hashtag",
    "internal/pool",
    "internal/proto"
  ]
  revision = "a16aeec10ff407b1e7be6dd35797ccf5426ef0f0"
  version = "v5.2.9"

[[projects]]
  name = "gopkg.in/yaml.v2"
  packages = ["."]
  revision = "7f97868eec74b32b0982dd158a51a446d1da7eb5"
  version = "v2.1.1"

[solve-meta]
  analyzer-name = "dep"
  analyzer-version = 1
  inputs-digest = "f509ca122daa7cd4215fa7ca655743d59540a4c21e5bfadd6e6d78f141a32a3e"
  solver-name = "gps-cdcl"
  solver-version = 1
